// !$*UTF8*$!
{
	archiveVersion = 1;
	classes = {
	};
	objectVersion = 46;
	objects = {

/* Begin PBXBuildFile section */
		7F2A0D171D2C24AC00F20BFD /* AppDelegate.swift in Sources */ = {isa = PBXBuildFile; fileRef = 7F2A0D161D2C24AC00F20BFD /* AppDelegate.swift */; };
		7F2A0D191D2C24AC00F20BFD /* SearchViewController.swift in Sources */ = {isa = PBXBuildFile; fileRef = 7F2A0D181D2C24AC00F20BFD /* SearchViewController.swift */; };
		7F2A0D1C1D2C24AC00F20BFD /* Main.storyboard in Resources */ = {isa = PBXBuildFile; fileRef = 7F2A0D1A1D2C24AC00F20BFD /* Main.storyboard */; };
		7F2A0D1E1D2C24AC00F20BFD /* Assets.xcassets in Resources */ = {isa = PBXBuildFile; fileRef = 7F2A0D1D1D2C24AC00F20BFD /* Assets.xcassets */; };
		7F2A0D2C1D2C6A7A00F20BFD /* SearchResult.swift in Sources */ = {isa = PBXBuildFile; fileRef = 7F2A0D2B1D2C6A7A00F20BFD /* SearchResult.swift */; };
		7F2A0D2F1D2D741400F20BFD /* SearchResultCell.xib in Resources */ = {isa = PBXBuildFile; fileRef = 7F2A0D2E1D2D741400F20BFD /* SearchResultCell.xib */; };
		7F2A0D311D2D7CB400F20BFD /* SearchResultCell.swift in Sources */ = {isa = PBXBuildFile; fileRef = 7F2A0D301D2D7CB400F20BFD /* SearchResultCell.swift */; };
		7F2A0D331D2D8B2A00F20BFD /* NothingFoundCell.xib in Resources */ = {isa = PBXBuildFile; fileRef = 7F2A0D321D2D8B2A00F20BFD /* NothingFoundCell.xib */; };
		7F2A0D351D3020FA00F20BFD /* LoadingCell.xib in Resources */ = {isa = PBXBuildFile; fileRef = 7F2A0D341D3020FA00F20BFD /* LoadingCell.xib */; };
		7FDCA85E1D34224B004189E6 /* UIImageView.swift in Sources */ = {isa = PBXBuildFile; fileRef = 7FDCA85D1D34224B004189E6 /* UIImageView.swift */; };
/* End PBXBuildFile section */

/* Begin PBXFileReference section */
		7F2A0D131D2C24AC00F20BFD /* StoreSearch.app */ = {isa = PBXFileReference; explicitFileType = wrapper.application; includeInIndex = 0; path = StoreSearch.app; sourceTree = BUILT_PRODUCTS_DIR; };
		7F2A0D161D2C24AC00F20BFD /* AppDelegate.swift */ = {isa = PBXFileReference; lastKnownFileType = sourcecode.swift; path = AppDelegate.swift; sourceTree = "<group>"; };
		7F2A0D181D2C24AC00F20BFD /* SearchViewController.swift */ = {isa = PBXFileReference; lastKnownFileType = sourcecode.swift; path = SearchViewController.swift; sourceTree = "<group>"; };
		7F2A0D1B1D2C24AC00F20BFD /* Base */ = {isa = PBXFileReference; lastKnownFileType = file.storyboard; name = Base; path = Base.lproj/Main.storyboard; sourceTree = "<group>"; };
		7F2A0D1D1D2C24AC00F20BFD /* Assets.xcassets */ = {isa = PBXFileReference; lastKnownFileType = folder.assetcatalog; path = Assets.xcassets; sourceTree = "<group>"; };
		7F2A0D221D2C24AC00F20BFD /* Info.plist */ = {isa = PBXFileReference; lastKnownFileType = text.plist.xml; path = Info.plist; sourceTree = "<group>"; };
		7F2A0D2B1D2C6A7A00F20BFD /* SearchResult.swift */ = {isa = PBXFileReference; fileEncoding = 4; lastKnownFileType = sourcecode.swift; path = SearchResult.swift; sourceTree = "<group>"; };
		7F2A0D2E1D2D741400F20BFD /* SearchResultCell.xib */ = {isa = PBXFileReference; fileEncoding = 4; lastKnownFileType = file.xib; path = SearchResultCell.xib; sourceTree = "<group>"; };
		7F2A0D301D2D7CB400F20BFD /* SearchResultCell.swift */ = {isa = PBXFileReference; fileEncoding = 4; lastKnownFileType = sourcecode.swift; path = SearchResultCell.swift; sourceTree = "<group>"; };
		7F2A0D321D2D8B2A00F20BFD /* NothingFoundCell.xib */ = {isa = PBXFileReference; fileEncoding = 4; lastKnownFileType = file.xib; path = NothingFoundCell.xib; sourceTree = "<group>"; };
		7F2A0D341D3020FA00F20BFD /* LoadingCell.xib */ = {isa = PBXFileReference; fileEncoding = 4; lastKnownFileType = file.xib; path = LoadingCell.xib; sourceTree = "<group>"; };
		7FDCA85D1D34224B004189E6 /* UIImageView.swift */ = {isa = PBXFileReference; fileEncoding = 4; lastKnownFileType = sourcecode.swift; path = UIImageView.swift; sourceTree = "<group>"; };
/* End PBXFileReference section */

/* Begin PBXFrameworksBuildPhase section */
		7F2A0D101D2C24AC00F20BFD /* Frameworks */ = {
			isa = PBXFrameworksBuildPhase;
			buildActionMask = 2147483647;
			files = (
			);
			runOnlyForDeploymentPostprocessing = 0;
		};
/* End PBXFrameworksBuildPhase section */

/* Begin PBXGroup section */
		7F2A0D0A1D2C24AC00F20BFD = {
			isa = PBXGroup;
			children = (
				7F2A0D151D2C24AC00F20BFD /* StoreSearch */,
				7F2A0D141D2C24AC00F20BFD /* Products */,
			);
			sourceTree = "<group>";
		};
		7F2A0D141D2C24AC00F20BFD /* Products */ = {
			isa = PBXGroup;
			children = (
				7F2A0D131D2C24AC00F20BFD /* StoreSearch.app */,
			);
			name = Products;
			sourceTree = "<group>";
		};
		7F2A0D151D2C24AC00F20BFD /* StoreSearch */ = {
			isa = PBXGroup;
			children = (
				7F2A0D161D2C24AC00F20BFD /* AppDelegate.swift */,
				7F2A0D2A1D2C424100F20BFD /* Views */,
				7F2A0D281D2C422E00F20BFD /* View Controllers */,
				7F2A0D291D2C423A00F20BFD /* Objects */,
				7F2A0D2D1D2D736800F20BFD /* Nibs */,
				7FDCA85C1D342227004189E6 /* Extensions */,
				7F2A0D1A1D2C24AC00F20BFD /* Main.storyboard */,
				7F2A0D1D1D2C24AC00F20BFD /* Assets.xcassets */,
				7F2A0D221D2C24AC00F20BFD /* Info.plist */,
			);
			path = StoreSearch;
			sourceTree = "<group>";
		};
		7F2A0D281D2C422E00F20BFD /* View Controllers */ = {
			isa = PBXGroup;
			children = (
				7F2A0D181D2C24AC00F20BFD /* SearchViewController.swift */,
			);
			name = "View Controllers";
			sourceTree = "<group>";
		};
		7F2A0D291D2C423A00F20BFD /* Objects */ = {
			isa = PBXGroup;
			children = (
				7F2A0D2B1D2C6A7A00F20BFD /* SearchResult.swift */,
			);
			name = Objects;
			sourceTree = "<group>";
		};
		7F2A0D2A1D2C424100F20BFD /* Views */ = {
			isa = PBXGroup;
			children = (
				7F2A0D301D2D7CB400F20BFD /* SearchResultCell.swift */,
			);
			name = Views;
			sourceTree = "<group>";
		};
		7F2A0D2D1D2D736800F20BFD /* Nibs */ = {
			isa = PBXGroup;
			children = (
				7F2A0D2E1D2D741400F20BFD /* SearchResultCell.xib */,
				7F2A0D321D2D8B2A00F20BFD /* NothingFoundCell.xib */,
				7F2A0D341D3020FA00F20BFD /* LoadingCell.xib */,
			);
			name = Nibs;
			sourceTree = "<group>";
		};
		7FDCA85C1D342227004189E6 /* Extensions */ = {
			isa = PBXGroup;
			children = (
				7FDCA85D1D34224B004189E6 /* UIImageView.swift */,
			);
			name = Extensions;
			sourceTree = "<group>";
		};
/* End PBXGroup section */

/* Begin PBXNativeTarget section */
		7F2A0D121D2C24AC00F20BFD /* StoreSearch */ = {
			isa = PBXNativeTarget;
			buildConfigurationList = 7F2A0D251D2C24AC00F20BFD /* Build configuration list for PBXNativeTarget "StoreSearch" */;
			buildPhases = (
				7F2A0D0F1D2C24AC00F20BFD /* Sources */,
				7F2A0D101D2C24AC00F20BFD /* Frameworks */,
				7F2A0D111D2C24AC00F20BFD /* Resources */,
			);
			buildRules = (
			);
			dependencies = (
			);
			name = StoreSearch;
			productName = StoreSearch;
			productReference = 7F2A0D131D2C24AC00F20BFD /* StoreSearch.app */;
			productType = "com.apple.product-type.application";
		};
/* End PBXNativeTarget section */

/* Begin PBXProject section */
		7F2A0D0B1D2C24AC00F20BFD /* Project object */ = {
			isa = PBXProject;
			attributes = {
				LastSwiftUpdateCheck = 0730;
				LastUpgradeCheck = 0730;
				ORGANIZATIONNAME = "Ike Mattice";
				TargetAttributes = {
					7F2A0D121D2C24AC00F20BFD = {
						CreatedOnToolsVersion = 7.3.1;
						DevelopmentTeam = VNA55J4REY;
					};
				};
			};
			buildConfigurationList = 7F2A0D0E1D2C24AC00F20BFD /* Build configuration list for PBXProject "StoreSearch" */;
			compatibilityVersion = "Xcode 3.2";
			developmentRegion = English;
			hasScannedForEncodings = 0;
			knownRegions = (
				en,
				Base,
			);
			mainGroup = 7F2A0D0A1D2C24AC00F20BFD;
			productRefGroup = 7F2A0D141D2C24AC00F20BFD /* Products */;
			projectDirPath = "";
			projectRoot = "";
			targets = (
				7F2A0D121D2C24AC00F20BFD /* StoreSearch */,
			);
		};
/* End PBXProject section */

/* Begin PBXResourcesBuildPhase section */
		7F2A0D111D2C24AC00F20BFD /* Resources */ = {
			isa = PBXResourcesBuildPhase;
			buildActionMask = 2147483647;
			files = (
				7F2A0D1E1D2C24AC00F20BFD /* Assets.xcassets in Resources */,
				7F2A0D351D3020FA00F20BFD /* LoadingCell.xib in Resources */,
				7F2A0D2F1D2D741400F20BFD /* SearchResultCell.xib in Resources */,
				7F2A0D331D2D8B2A00F20BFD /* NothingFoundCell.xib in Resources */,
				7F2A0D1C1D2C24AC00F20BFD /* Main.storyboard in Resources */,
			);
			runOnlyForDeploymentPostprocessing = 0;
		};
/* End PBXResourcesBuildPhase section */

/* Begin PBXSourcesBuildPhase section */
		7F2A0D0F1D2C24AC00F20BFD /* Sources */ = {
			isa = PBXSourcesBuildPhase;
			buildActionMask = 2147483647;
			files = (
				7F2A0D191D2C24AC00F20BFD /* SearchViewController.swift in Sources */,
				7FDCA85E1D34224B004189E6 /* UIImageView.swift in Sources */,
				7F2A0D2C1D2C6A7A00F20BFD /* SearchResult.swift in Sources */,
				7F2A0D311D2D7CB400F20BFD /* SearchResultCell.swift in Sources */,
				7F2A0D171D2C24AC00F20BFD /* AppDelegate.swift in Sources */,
			);
			runOnlyForDeploymentPostprocessing = 0;
		};
/* End PBXSourcesBuildPhase section */

/* Begin PBXVariantGroup section */
		7F2A0D1A1D2C24AC00F20BFD /* Main.storyboard */ = {
			isa = PBXVariantGroup;
			children = (
				7F2A0D1B1D2C24AC00F20BFD /* Base */,
			);
			name = Main.storyboard;
			sourceTree = "<group>";
		};
/* End PBXVariantGroup section */

/* Begin XCBuildConfiguration section */
		7F2A0D231D2C24AC00F20BFD /* Debug */ = {
			isa = XCBuildConfiguration;
			buildSettings = {
				ALWAYS_SEARCH_USER_PATHS = NO;
				CLANG_ANALYZER_NONNULL = YES;
				CLANG_CXX_LANGUAGE_STANDARD = "gnu++0x";
				CLANG_CXX_LIBRARY = "libc++";
				CLANG_ENABLE_MODULES = YES;
				CLANG_ENABLE_OBJC_ARC = YES;
				CLANG_WARN_BOOL_CONVERSION = YES;
				CLANG_WARN_CONSTANT_CONVERSION = YES;
				CLANG_WARN_DIRECT_OBJC_ISA_USAGE = YES_ERROR;
				CLANG_WARN_EMPTY_BODY = YES;
				CLANG_WARN_ENUM_CONVERSION = YES;
				CLANG_WARN_INT_CONVERSION = YES;
				CLANG_WARN_OBJC_ROOT_CLASS = YES_ERROR;
				CLANG_WARN_UNREACHABLE_CODE = YES;
				CLANG_WARN__DUPLICATE_METHOD_MATCH = YES;
				"CODE_SIGN_IDENTITY[sdk=iphoneos*]" = "iPhone Developer";
				COPY_PHASE_STRIP = NO;
				DEBUG_INFORMATION_FORMAT = dwarf;
				ENABLE_STRICT_OBJC_MSGSEND = YES;
				ENABLE_TESTABILITY = YES;
				GCC_C_LANGUAGE_STANDARD = gnu99;
				GCC_DYNAMIC_NO_PIC = NO;
				GCC_NO_COMMON_BLOCKS = YES;
				GCC_OPTIMIZATION_LEVEL = 0;
				GCC_PREPROCESSOR_DEFINITIONS = (
					"DEBUG=1",
					"$(inherited)",
				);
				GCC_WARN_64_TO_32_BIT_CONVERSION = YES;
				GCC_WARN_ABOUT_RETURN_TYPE = YES_ERROR;
				GCC_WARN_UNDECLARED_SELECTOR = YES;
				GCC_WARN_UNINITIALIZED_AUTOS = YES_AGGRESSIVE;
				GCC_WARN_UNUSED_FUNCTION = YES;
				GCC_WARN_UNUSED_VARIABLE = YES;
				IPHONEOS_DEPLOYMENT_TARGET = 9.3;
				MTL_ENABLE_DEBUG_INFO = YES;
				ONLY_ACTIVE_ARCH = YES;
				SDKROOT = iphoneos;
				SWIFT_OPTIMIZATION_LEVEL = "-Onone";
			};
			name = Debug;
		};
		7F2A0D241D2C24AC00F20BFD /* Release */ = {
			isa = XCBuildConfiguration;
			buildSettings = {
				ALWAYS_SEARCH_USER_PATHS = NO;
				CLANG_ANALYZER_NONNULL = YES;
				CLANG_CXX_LANGUAGE_STANDARD = "gnu++0x";
				CLANG_CXX_LIBRARY = "libc++";
				CLANG_ENABLE_MODULES = YES;
				CLANG_ENABLE_OBJC_ARC = YES;
				CLANG_WARN_BOOL_CONVERSION = YES;
				CLANG_WARN_CONSTANT_CONVERSION = YES;
				CLANG_WARN_DIRECT_OBJC_ISA_USAGE = YES_ERROR;
				CLANG_WARN_EMPTY_BODY = YES;
				CLANG_WARN_ENUM_CONVERSION = YES;
				CLANG_WARN_INT_CONVERSION = YES;
				CLANG_WARN_OBJC_ROOT_CLASS = YES_ERROR;
				CLANG_WARN_UNREACHABLE_CODE = YES;
				CLANG_WARN__DUPLICATE_METHOD_MATCH = YES;
				"CODE_SIGN_IDENTITY[sdk=iphoneos*]" = "iPhone Developer";
				COPY_PHASE_STRIP = NO;
				DEBUG_INFORMATION_FORMAT = "dwarf-with-dsym";
				ENABLE_NS_ASSERTIONS = NO;
				ENABLE_STRICT_OBJC_MSGSEND = YES;
				GCC_C_LANGUAGE_STANDARD = gnu99;
				GCC_NO_COMMON_BLOCKS = YES;
				GCC_WARN_64_TO_32_BIT_CONVERSION = YES;
				GCC_WARN_ABOUT_RETURN_TYPE = YES_ERROR;
				GCC_WARN_UNDECLARED_SELECTOR = YES;
				GCC_WARN_UNINITIALIZED_AUTOS = YES_AGGRESSIVE;
				GCC_WARN_UNUSED_FUNCTION = YES;
				GCC_WARN_UNUSED_VARIABLE = YES;
				IPHONEOS_DEPLOYMENT_TARGET = 9.3;
				MTL_ENABLE_DEBUG_INFO = NO;
				SDKROOT = iphoneos;
				VALIDATE_PRODUCT = YES;
			};
			name = Release;
		};
		7F2A0D261D2C24AC00F20BFD /* Debug */ = {
			isa = XCBuildConfiguration;
			buildSettings = {
				ASSETCATALOG_COMPILER_APPICON_NAME = AppIcon;
				CODE_SIGN_IDENTITY = "iPhone Developer";
				"CODE_SIGN_IDENTITY[sdk=iphoneos*]" = "iPhone Developer";
				INFOPLIST_FILE = StoreSearch/Info.plist;
				LD_RUNPATH_SEARCH_PATHS = "$(inherited) @executable_path/Frameworks";
				PRODUCT_BUNDLE_IDENTIFIER = com.IkeMattice.StoreSearch;
				PRODUCT_NAME = "$(TARGET_NAME)";
				PROVISIONING_PROFILE = "";
			};
			name = Debug;
		};
		7F2A0D271D2C24AC00F20BFD /* Release */ = {
			isa = XCBuildConfiguration;
			buildSettings = {
				ASSETCATALOG_COMPILER_APPICON_NAME = AppIcon;
				CODE_SIGN_IDENTITY = "iPhone Developer";
				"CODE_SIGN_IDENTITY[sdk=iphoneos*]" = "iPhone Developer";
				INFOPLIST_FILE = StoreSearch/Info.plist;
				LD_RUNPATH_SEARCH_PATHS = "$(inherited) @executable_path/Frameworks";
				PRODUCT_BUNDLE_IDENTIFIER = com.IkeMattice.StoreSearch;
				PRODUCT_NAME = "$(TARGET_NAME)";
				PROVISIONING_PROFILE = "";
			};
			name = Release;
		};
/* End XCBuildConfiguration section */

/* Begin XCConfigurationList section */
		7F2A0D0E1D2C24AC00F20BFD /* Build configuration list for PBXProject "StoreSearch" */ = {
			isa = XCConfigurationList;
			buildConfigurations = (
				7F2A0D231D2C24AC00F20BFD /* Debug */,
				7F2A0D241D2C24AC00F20BFD /* Release */,
			);
			defaultConfigurationIsVisible = 0;
			defaultConfigurationName = Release;
		};
		7F2A0D251D2C24AC00F20BFD /* Build configuration list for PBXNativeTarget "StoreSearch" */ = {
			isa = XCConfigurationList;
			buildConfigurations = (
				7F2A0D261D2C24AC00F20BFD /* Debug */,
				7F2A0D271D2C24AC00F20BFD /* Release */,
			);
			defaultConfigurationIsVisible = 0;
			defaultConfigurationName = Release;
		};
/* End XCConfigurationList section */
	};
	rootObject = 7F2A0D0B1D2C24AC00F20BFD /* Project object */;
}
